
Microsoft Visual Studio Solution File, Format Version 12.00
# Visual Studio Version 16
VisualStudioVersion = 16.0.29102.190
MinimumVisualStudioVersion = 10.0.40219.1
Project("{159641D6-6404-4A2A-AE62-294DE0FE8301}") = "WebApi", "WebApi\WebApi.dtproj", "{B70F7765-59DF-4449-8787-D4C864A52E33}"
EndProject
Global
	GlobalSection(SolutionConfigurationPlatforms) = preSolution
		Development|Default = Development|Default
	EndGlobalSection
	GlobalSection(ProjectConfigurationPlatforms) = postSolution
		{B70F7765-59DF-4449-8787-D4C864A52E33}.Development|Default.ActiveCfg = Development
		{B70F7765-59DF-4449-8787-D4C864A52E33}.Development|Default.Build.0 = Development
	EndGlobalSection
	GlobalSection(SolutionProperties) = preSolution
		HideSolutionNode = FALSE
	EndGlobalSection
	GlobalSection(ExtensibilityGlobals) = postSolution
		SolutionGuid = {2571BEE2-68E7-46C5-8023-04349DBB8B24}
	EndGlobalSection
EndGlobal
